
Microsoft Visual Studio Solution File, Format Version 12.00
# Visual Studio Version 17
VisualStudioVersion = 17.8.34322.80
MinimumVisualStudioVersion = 10.0.40219.1
Project("{FAE04EC0-301F-11D3-BF4B-00C04F79EFBC}") = "GameUtils", "src\GameUtils\GameUtils.csproj", "{7B315464-0236-49B8-8DA4-0B36D893FFEC}"
EndProject
Project("{2150E333-8FDC-42A3-9474-1A3956D46DE8}") = "tests", "tests", "{0AB3BF05-4346-4AA6-1389-037BE0695223}"
EndProject
Project("{FAE04EC0-301F-11D3-BF4B-00C04F79EFBC}") = "GameUtils.Tests", "tests\GameUtils.Tests\GameUtils.Tests.csproj", "{FC3615B6-86A7-4199-BF5B-BAB4D350BB7A}"
EndProject
Project("{2150E333-8FDC-42A3-9474-1A3956D46DE8}") = "src", "src", "{827E0CD3-B72D-47B6-A68D-7590B98EB39B}"
EndProject
Global
	GlobalSection(SolutionConfigurationPlatforms) = preSolution
		Debug|Any CPU = Debug|Any CPU
		Debug|x64 = Debug|x64
		Debug|x86 = Debug|x86
		Release|Any CPU = Release|Any CPU
		Release|x64 = Release|x64
		Release|x86 = Release|x86
	EndGlobalSection
	GlobalSection(ProjectConfigurationPlatforms) = postSolution
		{7B315464-0236-49B8-8DA4-0B36D893FFEC}.Debug|Any CPU.ActiveCfg = Debug|Any CPU
		{7B315464-0236-49B8-8DA4-0B36D893FFEC}.Debug|Any CPU.Build.0 = Debug|Any CPU
		{7B315464-0236-49B8-8DA4-0B36D893FFEC}.Debug|x64.ActiveCfg = Debug|Any CPU
		{7B315464-0236-49B8-8DA4-0B36D893FFEC}.Debug|x64.Build.0 = Debug|Any CPU
		{7B315464-0236-49B8-8DA4-0B36D893FFEC}.Debug|x86.ActiveCfg = Debug|Any CPU
		{7B315464-0236-49B8-8DA4-0B36D893FFEC}.Debug|x86.Build.0 = Debug|Any CPU
		{7B315464-0236-49B8-8DA4-0B36D893FFEC}.Release|Any CPU.ActiveCfg = Release|Any CPU
		{7B315464-0236-49B8-8DA4-0B36D893FFEC}.Release|Any CPU.Build.0 = Release|Any CPU
		{7B315464-0236-49B8-8DA4-0B36D893FFEC}.Release|x64.ActiveCfg = Release|Any CPU
		{7B315464-0236-49B8-8DA4-0B36D893FFEC}.Release|x64.Build.0 = Release|Any CPU
		{7B315464-0236-49B8-8DA4-0B36D893FFEC}.Release|x86.ActiveCfg = Release|Any CPU
		{7B315464-0236-49B8-8DA4-0B36D893FFEC}.Release|x86.Build.0 = Release|Any CPU
		{FC3615B6-86A7-4199-BF5B-BAB4D350BB7A}.Debug|Any CPU.ActiveCfg = Debug|Any CPU
		{FC3615B6-86A7-4199-BF5B-BAB4D350BB7A}.Debug|Any CPU.Build.0 = Debug|Any CPU
		{FC3615B6-86A7-4199-BF5B-BAB4D350BB7A}.Debug|x64.ActiveCfg = Debug|Any CPU
		{FC3615B6-86A7-4199-BF5B-BAB4D350BB7A}.Debug|x64.Build.0 = Debug|Any CPU
		{FC3615B6-86A7-4199-BF5B-BAB4D350BB7A}.Debug|x86.ActiveCfg = Debug|Any CPU
		{FC3615B6-86A7-4199-BF5B-BAB4D350BB7A}.Debug|x86.Build.0 = Debug|Any CPU
		{FC3615B6-86A7-4199-BF5B-BAB4D350BB7A}.Release|Any CPU.ActiveCfg = Release|Any CPU
		{FC3615B6-86A7-4199-BF5B-BAB4D350BB7A}.Release|Any CPU.Build.0 = Release|Any CPU
		{FC3615B6-86A7-4199-BF5B-BAB4D350BB7A}.Release|x64.ActiveCfg = Release|Any CPU
		{FC3615B6-86A7-4199-BF5B-BAB4D350BB7A}.Release|x64.Build.0 = Release|Any CPU
		{FC3615B6-86A7-4199-BF5B-BAB4D350BB7A}.Release|x86.ActiveCfg = Release|Any CPU
		{FC3615B6-86A7-4199-BF5B-BAB4D350BB7A}.Release|x86.Build.0 = Release|Any CPU
	EndGlobalSection
	GlobalSection(SolutionProperties) = preSolution
		HideSolutionNode = FALSE
	EndGlobalSection
	GlobalSection(NestedProjects) = preSolution
		{FC3615B6-86A7-4199-BF5B-BAB4D350BB7A} = {0AB3BF05-4346-4AA6-1389-037BE0695223}
	EndGlobalSection
	GlobalSection(ExtensibilityGlobals) = postSolution
		SolutionGuid = {F8541593-8106-408A-8CA5-88510C0845FD}
	EndGlobalSection
EndGlobal
